
Microsoft Visual Studio Solution File, Format Version 12.00
# Visual Studio 15
VisualStudioVersion = 15.0.27428.2015
MinimumVisualStudioVersion = 10.0.40219.1
Project("{8BC9CEB8-8B4A-11D0-8D11-00A0C91BC942}") = "LSServer", "LSServer\LSServer.vcxproj", "{DB4124D4-2FF9-42CD-8CF7-FBD3614AA19B}"
EndProject
Global
	GlobalSection(SolutionConfigurationPlatforms) = preSolution
		Debug|x64 = Debug|x64
		Debug|x86 = Debug|x86
		Release|x64 = Release|x64
		Release|x86 = Release|x86
	EndGlobalSection
	GlobalSection(ProjectConfigurationPlatforms) = postSolution
		{DB4124D4-2FF9-42CD-8CF7-FBD3614AA19B}.Debug|x64.ActiveCfg = Debug|x64
		{DB4124D4-2FF9-42CD-8CF7-FBD3614AA19B}.Debug|x64.Build.0 = Debug|x64
		{DB4124D4-2FF9-42CD-8CF7-FBD3614AA19B}.Debug|x86.ActiveCfg = Debug|Win32
		{DB4124D4-2FF9-42CD-8CF7-FBD3614AA19B}.Debug|x86.Build.0 = Debug|Win32
		{DB4124D4-2FF9-42CD-8CF7-FBD3614AA19B}.Release|x64.ActiveCfg = Release|x64
		{DB4124D4-2FF9-42CD-8CF7-FBD3614AA19B}.Release|x64.Build.0 = Release|x64
		{DB4124D4-2FF9-42CD-8CF7-FBD3614AA19B}.Release|x86.ActiveCfg = Release|Win32
		{DB4124D4-2FF9-42CD-8CF7-FBD3614AA19B}.Release|x86.Build.0 = Release|Win32
	EndGlobalSection
	GlobalSection(SolutionProperties) = preSolution
		HideSolutionNode = FALSE
	EndGlobalSection
	GlobalSection(ExtensibilityGlobals) = postSolution
		SolutionGuid = {8232B547-BCC1-40A0-AF1F-78DEBEC5ECE3}
	EndGlobalSection
EndGlobal
